// !$*UTF8*$!
{
	archiveVersion = 1;
	classes = {
	};
	objectVersion = 46;
	objects = {

/* Begin PBXBuildFile section */
		242C534C1EDF89EA00C960D8 /* AppDelegate.swift in Sources */ = {isa = PBXBuildFile; fileRef = 242C534B1EDF89EA00C960D8 /* AppDelegate.swift */; };
		242C534E1EDF89EA00C960D8 /* ViewController.swift in Sources */ = {isa = PBXBuildFile; fileRef = 242C534D1EDF89EA00C960D8 /* ViewController.swift */; };
		242C53511EDF89EA00C960D8 /* Main.storyboard in Resources */ = {isa = PBXBuildFile; fileRef = 242C534F1EDF89EA00C960D8 /* Main.storyboard */; };
		242C53531EDF89EA00C960D8 /* Assets.xcassets in Resources */ = {isa = PBXBuildFile; fileRef = 242C53521EDF89EA00C960D8 /* Assets.xcassets */; };
		242C53561EDF89EA00C960D8 /* LaunchScreen.storyboard in Resources */ = {isa = PBXBuildFile; fileRef = 242C53541EDF89EA00C960D8 /* LaunchScreen.storyboard */; };
		242C53611EDF89EB00C960D8 /* SocialCloud_PhotosTests.swift in Sources */ = {isa = PBXBuildFile; fileRef = 242C53601EDF89EB00C960D8 /* SocialCloud_PhotosTests.swift */; };
		2596468E804AA392AE086DE8 /* Pods_SocialCloud_PhotosTests.framework in Frameworks */ = {isa = PBXBuildFile; fileRef = 09810A541ED0318E55DBE786 /* Pods_SocialCloud_PhotosTests.framework */; };
		49918D75CC4F0E3E96704689 /* Pods_SocialCloud_Photos.framework in Frameworks */ = {isa = PBXBuildFile; fileRef = 5D518D57AEDE9DF24D79EED3 /* Pods_SocialCloud_Photos.framework */; };
		C11419571F333767005FA6A8 /* resultsViewController.swift in Sources */ = {isa = PBXBuildFile; fileRef = C11419561F333767005FA6A8 /* resultsViewController.swift */; };
		C11419591F333BB4005FA6A8 /* Reachability.swift in Sources */ = {isa = PBXBuildFile; fileRef = C11419581F333BB4005FA6A8 /* Reachability.swift */; };
		C114195B1F334414005FA6A8 /* twitter.swift in Sources */ = {isa = PBXBuildFile; fileRef = C114195A1F334414005FA6A8 /* twitter.swift */; };
		C114195D1F334E3F005FA6A8 /* loadingScreen.swift in Sources */ = {isa = PBXBuildFile; fileRef = C114195C1F334E3F005FA6A8 /* loadingScreen.swift */; };
		C1C0D9F21F061139003FA1BB /* Default-568h@2x.png in Resources */ = {isa = PBXBuildFile; fileRef = C1C0D9F11F061139003FA1BB /* Default-568h@2x.png */; };
/* End PBXBuildFile section */

/* Begin PBXContainerItemProxy section */
		242C535D1EDF89EB00C960D8 /* PBXContainerItemProxy */ = {
			isa = PBXContainerItemProxy;
			containerPortal = 242C53401EDF89EA00C960D8 /* Project object */;
			proxyType = 1;
			remoteGlobalIDString = 242C53471EDF89EA00C960D8;
			remoteInfo = "SocialCloud Photos";
		};
/* End PBXContainerItemProxy section */

/* Begin PBXFileReference section */
		09810A541ED0318E55DBE786 /* Pods_SocialCloud_PhotosTests.framework */ = {isa = PBXFileReference; explicitFileType = wrapper.framework; includeInIndex = 0; path = Pods_SocialCloud_PhotosTests.framework; sourceTree = BUILT_PRODUCTS_DIR; };
		242C53481EDF89EA00C960D8 /* SocialCloud Photos.app */ = {isa = PBXFileReference; explicitFileType = wrapper.application; includeInIndex = 0; path = "SocialCloud Photos.app"; sourceTree = BUILT_PRODUCTS_DIR; };
		242C534B1EDF89EA00C960D8 /* AppDelegate.swift */ = {isa = PBXFileReference; lastKnownFileType = sourcecode.swift; path = AppDelegate.swift; sourceTree = "<group>"; };
		242C534D1EDF89EA00C960D8 /* ViewController.swift */ = {isa = PBXFileReference; lastKnownFileType = sourcecode.swift; path = ViewController.swift; sourceTree = "<group>"; };
		242C53501EDF89EA00C960D8 /* Base */ = {isa = PBXFileReference; lastKnownFileType = file.storyboard; name = Base; path = Base.lproj/Main.storyboard; sourceTree = "<group>"; };
		242C53521EDF89EA00C960D8 /* Assets.xcassets */ = {isa = PBXFileReference; lastKnownFileType = folder.assetcatalog; path = Assets.xcassets; sourceTree = "<group>"; };
		242C53551EDF89EA00C960D8 /* Base */ = {isa = PBXFileReference; lastKnownFileType = file.storyboard; name = Base; path = Base.lproj/LaunchScreen.storyboard; sourceTree = "<group>"; };
		242C53571EDF89EA00C960D8 /* Info.plist */ = {isa = PBXFileReference; lastKnownFileType = text.plist.xml; path = Info.plist; sourceTree = "<group>"; };
		242C535C1EDF89EB00C960D8 /* SocialCloud PhotosTests.xctest */ = {isa = PBXFileReference; explicitFileType = wrapper.cfbundle; includeInIndex = 0; path = "SocialCloud PhotosTests.xctest"; sourceTree = BUILT_PRODUCTS_DIR; };
		242C53601EDF89EB00C960D8 /* SocialCloud_PhotosTests.swift */ = {isa = PBXFileReference; lastKnownFileType = sourcecode.swift; path = SocialCloud_PhotosTests.swift; sourceTree = "<group>"; };
		242C53621EDF89EB00C960D8 /* Info.plist */ = {isa = PBXFileReference; lastKnownFileType = text.plist.xml; path = Info.plist; sourceTree = "<group>"; };
		5D518D57AEDE9DF24D79EED3 /* Pods_SocialCloud_Photos.framework */ = {isa = PBXFileReference; explicitFileType = wrapper.framework; includeInIndex = 0; path = Pods_SocialCloud_Photos.framework; sourceTree = BUILT_PRODUCTS_DIR; };
		770C44D58554C534901C6BEF /* Pods-SocialCloud PhotosTests.release.xcconfig */ = {isa = PBXFileReference; includeInIndex = 1; lastKnownFileType = text.xcconfig; name = "Pods-SocialCloud PhotosTests.release.xcconfig"; path = "Pods/Target Support Files/Pods-SocialCloud PhotosTests/Pods-SocialCloud PhotosTests.release.xcconfig"; sourceTree = "<group>"; };
		7F5533532729192EABBCC71D /* Pods-SocialCloud PhotosTests.debug.xcconfig */ = {isa = PBXFileReference; includeInIndex = 1; lastKnownFileType = text.xcconfig; name = "Pods-SocialCloud PhotosTests.debug.xcconfig"; path = "Pods/Target Support Files/Pods-SocialCloud PhotosTests/Pods-SocialCloud PhotosTests.debug.xcconfig"; sourceTree = "<group>"; };
		8AEE436B30F9628C58873652 /* Pods-SocialCloud Photos.release.xcconfig */ = {isa = PBXFileReference; includeInIndex = 1; lastKnownFileType = text.xcconfig; name = "Pods-SocialCloud Photos.release.xcconfig"; path = "Pods/Target Support Files/Pods-SocialCloud Photos/Pods-SocialCloud Photos.release.xcconfig"; sourceTree = "<group>"; };
		A0D93B32374FFEB46B0D3FD6 /* Pods-SocialCloud Photos.debug.xcconfig */ = {isa = PBXFileReference; includeInIndex = 1; lastKnownFileType = text.xcconfig; name = "Pods-SocialCloud Photos.debug.xcconfig"; path = "Pods/Target Support Files/Pods-SocialCloud Photos/Pods-SocialCloud Photos.debug.xcconfig"; sourceTree = "<group>"; };
		C11419561F333767005FA6A8 /* resultsViewController.swift */ = {isa = PBXFileReference; fileEncoding = 4; lastKnownFileType = sourcecode.swift; path = resultsViewController.swift; sourceTree = "<group>"; };
		C11419581F333BB4005FA6A8 /* Reachability.swift */ = {isa = PBXFileReference; fileEncoding = 4; lastKnownFileType = sourcecode.swift; path = Reachability.swift; sourceTree = "<group>"; };
		C114195A1F334414005FA6A8 /* twitter.swift */ = {isa = PBXFileReference; fileEncoding = 4; lastKnownFileType = sourcecode.swift; path = twitter.swift; sourceTree = "<group>"; };
		C114195C1F334E3F005FA6A8 /* loadingScreen.swift */ = {isa = PBXFileReference; fileEncoding = 4; lastKnownFileType = sourcecode.swift; path = loadingScreen.swift; sourceTree = "<group>"; };
		C1C0D9F11F061139003FA1BB /* Default-568h@2x.png */ = {isa = PBXFileReference; lastKnownFileType = image.png; path = "Default-568h@2x.png"; sourceTree = "<group>"; };
/* End PBXFileReference section */

/* Begin PBXFrameworksBuildPhase section */
		242C53451EDF89EA00C960D8 /* Frameworks */ = {
			isa = PBXFrameworksBuildPhase;
			buildActionMask = 2147483647;
			files = (
				49918D75CC4F0E3E96704689 /* Pods_SocialCloud_Photos.framework in Frameworks */,
			);
			runOnlyForDeploymentPostprocessing = 0;
		};
		242C53591EDF89EB00C960D8 /* Frameworks */ = {
			isa = PBXFrameworksBuildPhase;
			buildActionMask = 2147483647;
			files = (
				2596468E804AA392AE086DE8 /* Pods_SocialCloud_PhotosTests.framework in Frameworks */,
			);
			runOnlyForDeploymentPostprocessing = 0;
		};
/* End PBXFrameworksBuildPhase section */

/* Begin PBXGroup section */
		242C533F1EDF89EA00C960D8 = {
			isa = PBXGroup;
			children = (
				C1C0D9F11F061139003FA1BB /* Default-568h@2x.png */,
				242C534A1EDF89EA00C960D8 /* SocialCloud Photos */,
				242C535F1EDF89EB00C960D8 /* SocialCloud PhotosTests */,
				242C53491EDF89EA00C960D8 /* Products */,
				9661C712CFA8EE1BEDAE7B7F /* Pods */,
				8F1034A3E3F1CAB41774A990 /* Frameworks */,
			);
			sourceTree = "<group>";
		};
		242C53491EDF89EA00C960D8 /* Products */ = {
			isa = PBXGroup;
			children = (
				242C53481EDF89EA00C960D8 /* SocialCloud Photos.app */,
				242C535C1EDF89EB00C960D8 /* SocialCloud PhotosTests.xctest */,
			);
			name = Products;
			sourceTree = "<group>";
		};
		242C534A1EDF89EA00C960D8 /* SocialCloud Photos */ = {
			isa = PBXGroup;
			children = (
				242C534B1EDF89EA00C960D8 /* AppDelegate.swift */,
				242C534D1EDF89EA00C960D8 /* ViewController.swift */,
				242C534F1EDF89EA00C960D8 /* Main.storyboard */,
				242C53521EDF89EA00C960D8 /* Assets.xcassets */,
				242C53541EDF89EA00C960D8 /* LaunchScreen.storyboard */,
				242C53571EDF89EA00C960D8 /* Info.plist */,
				C11419561F333767005FA6A8 /* resultsViewController.swift */,
				C11419581F333BB4005FA6A8 /* Reachability.swift */,
				C114195A1F334414005FA6A8 /* twitter.swift */,
				C114195C1F334E3F005FA6A8 /* loadingScreen.swift */,
			);
			path = "SocialCloud Photos";
			sourceTree = "<group>";
		};
		242C535F1EDF89EB00C960D8 /* SocialCloud PhotosTests */ = {
			isa = PBXGroup;
			children = (
				242C53601EDF89EB00C960D8 /* SocialCloud_PhotosTests.swift */,
				242C53621EDF89EB00C960D8 /* Info.plist */,
			);
			path = "SocialCloud PhotosTests";
			sourceTree = "<group>";
		};
		8F1034A3E3F1CAB41774A990 /* Frameworks */ = {
			isa = PBXGroup;
			children = (
				5D518D57AEDE9DF24D79EED3 /* Pods_SocialCloud_Photos.framework */,
				09810A541ED0318E55DBE786 /* Pods_SocialCloud_PhotosTests.framework */,
			);
			name = Frameworks;
			sourceTree = "<group>";
		};
		9661C712CFA8EE1BEDAE7B7F /* Pods */ = {
			isa = PBXGroup;
			children = (
				A0D93B32374FFEB46B0D3FD6 /* Pods-SocialCloud Photos.debug.xcconfig */,
				8AEE436B30F9628C58873652 /* Pods-SocialCloud Photos.release.xcconfig */,
				7F5533532729192EABBCC71D /* Pods-SocialCloud PhotosTests.debug.xcconfig */,
				770C44D58554C534901C6BEF /* Pods-SocialCloud PhotosTests.release.xcconfig */,
			);
			name = Pods;
			sourceTree = "<group>";
		};
/* End PBXGroup section */

/* Begin PBXNativeTarget section */
		242C53471EDF89EA00C960D8 /* SocialCloud Photos */ = {
			isa = PBXNativeTarget;
			buildConfigurationList = 242C53651EDF89EB00C960D8 /* Build configuration list for PBXNativeTarget "SocialCloud Photos" */;
			buildPhases = (
				B8D2921FDAE9A525D45D6016 /* [CP] Check Pods Manifest.lock */,
				242C53441EDF89EA00C960D8 /* Sources */,
				242C53451EDF89EA00C960D8 /* Frameworks */,
				242C53461EDF89EA00C960D8 /* Resources */,
				3BA78260A51647A2C0FCAADA /* [CP] Embed Pods Frameworks */,
				8DC736C13A2E9F29F7AEF026 /* [CP] Copy Pods Resources */,
			);
			buildRules = (
			);
			dependencies = (
			);
			name = "SocialCloud Photos";
			productName = "SocialCloud Photos";
			productReference = 242C53481EDF89EA00C960D8 /* SocialCloud Photos.app */;
			productType = "com.apple.product-type.application";
		};
		242C535B1EDF89EB00C960D8 /* SocialCloud PhotosTests */ = {
			isa = PBXNativeTarget;
			buildConfigurationList = 242C53681EDF89EB00C960D8 /* Build configuration list for PBXNativeTarget "SocialCloud PhotosTests" */;
			buildPhases = (
				4991DA790F506BA89DF206C7 /* [CP] Check Pods Manifest.lock */,
				242C53581EDF89EB00C960D8 /* Sources */,
				242C53591EDF89EB00C960D8 /* Frameworks */,
				242C535A1EDF89EB00C960D8 /* Resources */,
				4C66975F19EEBC178C99C676 /* [CP] Embed Pods Frameworks */,
				E20A925A50B3284FD7D7F814 /* [CP] Copy Pods Resources */,
			);
			buildRules = (
			);
			dependencies = (
				242C535E1EDF89EB00C960D8 /* PBXTargetDependency */,
			);
			name = "SocialCloud PhotosTests";
			productName = "SocialCloud PhotosTests";
			productReference = 242C535C1EDF89EB00C960D8 /* SocialCloud PhotosTests.xctest */;
			productType = "com.apple.product-type.bundle.unit-test";
		};
/* End PBXNativeTarget section */

/* Begin PBXProject section */
		242C53401EDF89EA00C960D8 /* Project object */ = {
			isa = PBXProject;
			attributes = {
				LastSwiftUpdateCheck = 0830;
				LastUpgradeCheck = 0830;
				ORGANIZATIONNAME = "Raymond Borkowski";
				TargetAttributes = {
					242C53471EDF89EA00C960D8 = {
						CreatedOnToolsVersion = 8.3.2;
						DevelopmentTeam = WTEKB6CURE;
						ProvisioningStyle = Automatic;
					};
					242C535B1EDF89EB00C960D8 = {
						CreatedOnToolsVersion = 8.3.2;
						ProvisioningStyle = Automatic;
						TestTargetID = 242C53471EDF89EA00C960D8;
					};
				};
			};
			buildConfigurationList = 242C53431EDF89EA00C960D8 /* Build configuration list for PBXProject "SocialCloud Photos" */;
			compatibilityVersion = "Xcode 3.2";
			developmentRegion = English;
			hasScannedForEncodings = 0;
			knownRegions = (
				en,
				Base,
			);
			mainGroup = 242C533F1EDF89EA00C960D8;
			productRefGroup = 242C53491EDF89EA00C960D8 /* Products */;
			projectDirPath = "";
			projectRoot = "";
			targets = (
				242C53471EDF89EA00C960D8 /* SocialCloud Photos */,
				242C535B1EDF89EB00C960D8 /* SocialCloud PhotosTests */,
			);
		};
/* End PBXProject section */

/* Begin PBXResourcesBuildPhase section */
		242C53461EDF89EA00C960D8 /* Resources */ = {
			isa = PBXResourcesBuildPhase;
			buildActionMask = 2147483647;
			files = (
				242C53561EDF89EA00C960D8 /* LaunchScreen.storyboard in Resources */,
				C1C0D9F21F061139003FA1BB /* Default-568h@2x.png in Resources */,
				242C53531EDF89EA00C960D8 /* Assets.xcassets in Resources */,
				242C53511EDF89EA00C960D8 /* Main.storyboard in Resources */,
			);
			runOnlyForDeploymentPostprocessing = 0;
		};
		242C535A1EDF89EB00C960D8 /* Resources */ = {
			isa = PBXResourcesBuildPhase;
			buildActionMask = 2147483647;
			files = (
			);
			runOnlyForDeploymentPostprocessing = 0;
		};
/* End PBXResourcesBuildPhase section */

/* Begin PBXShellScriptBuildPhase section */
		3BA78260A51647A2C0FCAADA /* [CP] Embed Pods Frameworks */ = {
			isa = PBXShellScriptBuildPhase;
			buildActionMask = 2147483647;
			files = (
			);
			inputPaths = (
			);
			name = "[CP] Embed Pods Frameworks";
			outputPaths = (
			);
			runOnlyForDeploymentPostprocessing = 0;
			shellPath = /bin/sh;
			shellScript = "\"${SRCROOT}/Pods/Target Support Files/Pods-SocialCloud Photos/Pods-SocialCloud Photos-frameworks.sh\"\n";
			showEnvVarsInLog = 0;
		};
		4991DA790F506BA89DF206C7 /* [CP] Check Pods Manifest.lock */ = {
			isa = PBXShellScriptBuildPhase;
			buildActionMask = 2147483647;
			files = (
			);
			inputPaths = (
			);
			name = "[CP] Check Pods Manifest.lock";
			outputPaths = (
			);
			runOnlyForDeploymentPostprocessing = 0;
			shellPath = /bin/sh;
			shellScript = "diff \"${PODS_PODFILE_DIR_PATH}/Podfile.lock\" \"${PODS_ROOT}/Manifest.lock\" > /dev/null\nif [ $? != 0 ] ; then\n    # print error to STDERR\n    echo \"error: The sandbox is not in sync with the Podfile.lock. Run 'pod install' or update your CocoaPods installation.\" >&2\n    exit 1\nfi\n";
			showEnvVarsInLog = 0;
		};
		4C66975F19EEBC178C99C676 /* [CP] Embed Pods Frameworks */ = {
			isa = PBXShellScriptBuildPhase;
			buildActionMask = 2147483647;
			files = (
			);
			inputPaths = (
			);
			name = "[CP] Embed Pods Frameworks";
			outputPaths = (
			);
			runOnlyForDeploymentPostprocessing = 0;
			shellPath = /bin/sh;
			shellScript = "\"${SRCROOT}/Pods/Target Support Files/Pods-SocialCloud PhotosTests/Pods-SocialCloud PhotosTests-frameworks.sh\"\n";
			showEnvVarsInLog = 0;
		};
		8DC736C13A2E9F29F7AEF026 /* [CP] Copy Pods Resources */ = {
			isa = PBXShellScriptBuildPhase;
			buildActionMask = 2147483647;
			files = (
			);
			inputPaths = (
			);
			name = "[CP] Copy Pods Resources";
			outputPaths = (
			);
			runOnlyForDeploymentPostprocessing = 0;
			shellPath = /bin/sh;
			shellScript = "\"${SRCROOT}/Pods/Target Support Files/Pods-SocialCloud Photos/Pods-SocialCloud Photos-resources.sh\"\n";
			showEnvVarsInLog = 0;
		};
		B8D2921FDAE9A525D45D6016 /* [CP] Check Pods Manifest.lock */ = {
			isa = PBXShellScriptBuildPhase;
			buildActionMask = 2147483647;
			files = (
			);
			inputPaths = (
			);
			name = "[CP] Check Pods Manifest.lock";
			outputPaths = (
			);
			runOnlyForDeploymentPostprocessing = 0;
			shellPath = /bin/sh;
			shellScript = "diff \"${PODS_PODFILE_DIR_PATH}/Podfile.lock\" \"${PODS_ROOT}/Manifest.lock\" > /dev/null\nif [ $? != 0 ] ; then\n    # print error to STDERR\n    echo \"error: The sandbox is not in sync with the Podfile.lock. Run 'pod install' or update your CocoaPods installation.\" >&2\n    exit 1\nfi\n";
			showEnvVarsInLog = 0;
		};
		E20A925A50B3284FD7D7F814 /* [CP] Copy Pods Resources */ = {
			isa = PBXShellScriptBuildPhase;
			buildActionMask = 2147483647;
			files = (
			);
			inputPaths = (
			);
			name = "[CP] Copy Pods Resources";
			outputPaths = (
			);
			runOnlyForDeploymentPostprocessing = 0;
			shellPath = /bin/sh;
			shellScript = "\"${SRCROOT}/Pods/Target Support Files/Pods-SocialCloud PhotosTests/Pods-SocialCloud PhotosTests-resources.sh\"\n";
			showEnvVarsInLog = 0;
		};
/* End PBXShellScriptBuildPhase section */

/* Begin PBXSourcesBuildPhase section */
		242C53441EDF89EA00C960D8 /* Sources */ = {
			isa = PBXSourcesBuildPhase;
			buildActionMask = 2147483647;
			files = (
				C114195D1F334E3F005FA6A8 /* loadingScreen.swift in Sources */,
				242C534E1EDF89EA00C960D8 /* ViewController.swift in Sources */,
				242C534C1EDF89EA00C960D8 /* AppDelegate.swift in Sources */,
				C11419591F333BB4005FA6A8 /* Reachability.swift in Sources */,
				C11419571F333767005FA6A8 /* resultsViewController.swift in Sources */,
				C114195B1F334414005FA6A8 /* twitter.swift in Sources */,
			);
			runOnlyForDeploymentPostprocessing = 0;
		};
		242C53581EDF89EB00C960D8 /* Sources */ = {
			isa = PBXSourcesBuildPhase;
			buildActionMask = 2147483647;
			files = (
				242C53611EDF89EB00C960D8 /* SocialCloud_PhotosTests.swift in Sources */,
			);
			runOnlyForDeploymentPostprocessing = 0;
		};
/* End PBXSourcesBuildPhase section */

/* Begin PBXTargetDependency section */
		242C535E1EDF89EB00C960D8 /* PBXTargetDependency */ = {
			isa = PBXTargetDependency;
			target = 242C53471EDF89EA00C960D8 /* SocialCloud Photos */;
			targetProxy = 242C535D1EDF89EB00C960D8 /* PBXContainerItemProxy */;
		};
/* End PBXTargetDependency section */

/* Begin PBXVariantGroup section */
		242C534F1EDF89EA00C960D8 /* Main.storyboard */ = {
			isa = PBXVariantGroup;
			children = (
				242C53501EDF89EA00C960D8 /* Base */,
			);
			name = Main.storyboard;
			sourceTree = "<group>";
		};
		242C53541EDF89EA00C960D8 /* LaunchScreen.storyboard */ = {
			isa = PBXVariantGroup;
			children = (
				242C53551EDF89EA00C960D8 /* Base */,
			);
			name = LaunchScreen.storyboard;
			sourceTree = "<group>";
		};
/* End PBXVariantGroup section */

/* Begin XCBuildConfiguration section */
		242C53631EDF89EB00C960D8 /* Debug */ = {
			isa = XCBuildConfiguration;
			buildSettings = {
				ALWAYS_SEARCH_USER_PATHS = NO;
				CLANG_ANALYZER_NONNULL = YES;
				CLANG_ANALYZER_NUMBER_OBJECT_CONVERSION = YES_AGGRESSIVE;
				CLANG_CXX_LANGUAGE_STANDARD = "gnu++0x";
				CLANG_CXX_LIBRARY = "libc++";
				CLANG_ENABLE_MODULES = YES;
				CLANG_ENABLE_OBJC_ARC = YES;
				CLANG_WARN_BOOL_CONVERSION = YES;
				CLANG_WARN_CONSTANT_CONVERSION = YES;
				CLANG_WARN_DIRECT_OBJC_ISA_USAGE = YES_ERROR;
				CLANG_WARN_DOCUMENTATION_COMMENTS = YES;
				CLANG_WARN_EMPTY_BODY = YES;
				CLANG_WARN_ENUM_CONVERSION = YES;
				CLANG_WARN_INFINITE_RECURSION = YES;
				CLANG_WARN_INT_CONVERSION = YES;
				CLANG_WARN_OBJC_ROOT_CLASS = YES_ERROR;
				CLANG_WARN_SUSPICIOUS_MOVE = YES;
				CLANG_WARN_UNREACHABLE_CODE = YES;
				CLANG_WARN__DUPLICATE_METHOD_MATCH = YES;
				"CODE_SIGN_IDENTITY[sdk=iphoneos*]" = "iPhone Developer";
				COPY_PHASE_STRIP = NO;
				DEBUG_INFORMATION_FORMAT = dwarf;
				ENABLE_STRICT_OBJC_MSGSEND = YES;
				ENABLE_TESTABILITY = YES;
				GCC_C_LANGUAGE_STANDARD = gnu99;
				GCC_DYNAMIC_NO_PIC = NO;
				GCC_NO_COMMON_BLOCKS = YES;
				GCC_OPTIMIZATION_LEVEL = 0;
				GCC_PREPROCESSOR_DEFINITIONS = (
					"DEBUG=1",
					"$(inherited)",
				);
				GCC_WARN_64_TO_32_BIT_CONVERSION = YES;
				GCC_WARN_ABOUT_RETURN_TYPE = YES_ERROR;
				GCC_WARN_UNDECLARED_SELECTOR = YES;
				GCC_WARN_UNINITIALIZED_AUTOS = YES_AGGRESSIVE;
				GCC_WARN_UNUSED_FUNCTION = YES;
				GCC_WARN_UNUSED_VARIABLE = YES;
				IPHONEOS_DEPLOYMENT_TARGET = 10.3;
				MTL_ENABLE_DEBUG_INFO = YES;
				ONLY_ACTIVE_ARCH = YES;
				SDKROOT = iphoneos;
				SWIFT_ACTIVE_COMPILATION_CONDITIONS = DEBUG;
				SWIFT_OPTIMIZATION_LEVEL = "-Onone";
				TARGETED_DEVICE_FAMILY = "1,2";
			};
			name = Debug;
		};
		242C53641EDF89EB00C960D8 /* Release */ = {
			isa = XCBuildConfiguration;
			buildSettings = {
				ALWAYS_SEARCH_USER_PATHS = NO;
				CLANG_ANALYZER_NONNULL = YES;
				CLANG_ANALYZER_NUMBER_OBJECT_CONVERSION = YES_AGGRESSIVE;
				CLANG_CXX_LANGUAGE_STANDARD = "gnu++0x";
				CLANG_CXX_LIBRARY = "libc++";
				CLANG_ENABLE_MODULES = YES;
				CLANG_ENABLE_OBJC_ARC = YES;
				CLANG_WARN_BOOL_CONVERSION = YES;
				CLANG_WARN_CONSTANT_CONVERSION = YES;
				CLANG_WARN_DIRECT_OBJC_ISA_USAGE = YES_ERROR;
				CLANG_WARN_DOCUMENTATION_COMMENTS = YES;
				CLANG_WARN_EMPTY_BODY = YES;
				CLANG_WARN_ENUM_CONVERSION = YES;
				CLANG_WARN_INFINITE_RECURSION = YES;
				CLANG_WARN_INT_CONVERSION = YES;
				CLANG_WARN_OBJC_ROOT_CLASS = YES_ERROR;
				CLANG_WARN_SUSPICIOUS_MOVE = YES;
				CLANG_WARN_UNREACHABLE_CODE = YES;
				CLANG_WARN__DUPLICATE_METHOD_MATCH = YES;
				"CODE_SIGN_IDENTITY[sdk=iphoneos*]" = "iPhone Developer";
				COPY_PHASE_STRIP = NO;
				DEBUG_INFORMATION_FORMAT = "dwarf-with-dsym";
				ENABLE_NS_ASSERTIONS = NO;
				ENABLE_STRICT_OBJC_MSGSEND = YES;
				GCC_C_LANGUAGE_STANDARD = gnu99;
				GCC_NO_COMMON_BLOCKS = YES;
				GCC_WARN_64_TO_32_BIT_CONVERSION = YES;
				GCC_WARN_ABOUT_RETURN_TYPE = YES_ERROR;
				GCC_WARN_UNDECLARED_SELECTOR = YES;
				GCC_WARN_UNINITIALIZED_AUTOS = YES_AGGRESSIVE;
				GCC_WARN_UNUSED_FUNCTION = YES;
				GCC_WARN_UNUSED_VARIABLE = YES;
				IPHONEOS_DEPLOYMENT_TARGET = 10.3;
				MTL_ENABLE_DEBUG_INFO = NO;
				SDKROOT = iphoneos;
				SWIFT_OPTIMIZATION_LEVEL = "-Owholemodule";
				TARGETED_DEVICE_FAMILY = "1,2";
				VALIDATE_PRODUCT = YES;
			};
			name = Release;
		};
		242C53661EDF89EB00C960D8 /* Debug */ = {
			isa = XCBuildConfiguration;
			baseConfigurationReference = A0D93B32374FFEB46B0D3FD6 /* Pods-SocialCloud Photos.debug.xcconfig */;
			buildSettings = {
				ASSETCATALOG_COMPILER_APPICON_NAME = AppIcon;
				DEVELOPMENT_TEAM = WTEKB6CURE;
				INFOPLIST_FILE = "SocialCloud Photos/Info.plist";
				IPHONEOS_DEPLOYMENT_TARGET = 9.0;
				LD_RUNPATH_SEARCH_PATHS = "$(inherited) @executable_path/Frameworks";
				PRODUCT_BUNDLE_IDENTIFIER = "com.example.SocialCloud-Photos";
				PRODUCT_NAME = "$(TARGET_NAME)";
				SWIFT_VERSION = 3.0;
			};
			name = Debug;
		};
		242C53671EDF89EB00C960D8 /* Release */ = {
			isa = XCBuildConfiguration;
			baseConfigurationReference = 8AEE436B30F9628C58873652 /* Pods-SocialCloud Photos.release.xcconfig */;
			buildSettings = {
				ASSETCATALOG_COMPILER_APPICON_NAME = AppIcon;
				DEVELOPMENT_TEAM = WTEKB6CURE;
				INFOPLIST_FILE = "SocialCloud Photos/Info.plist";
				IPHONEOS_DEPLOYMENT_TARGET = 9.0;
				LD_RUNPATH_SEARCH_PATHS = "$(inherited) @executable_path/Frameworks";
				PRODUCT_BUNDLE_IDENTIFIER = "com.example.SocialCloud-Photos";
				PRODUCT_NAME = "$(TARGET_NAME)";
				SWIFT_VERSION = 3.0;
			};
			name = Release;
		};
		242C53691EDF89EB00C960D8 /* Debug */ = {
			isa = XCBuildConfiguration;
			baseConfigurationReference = 7F5533532729192EABBCC71D /* Pods-SocialCloud PhotosTests.debug.xcconfig */;
			buildSettings = {
				ALWAYS_EMBED_SWIFT_STANDARD_LIBRARIES = YES;
				BUNDLE_LOADER = "$(TEST_HOST)";
				INFOPLIST_FILE = "SocialCloud PhotosTests/Info.plist";
				LD_RUNPATH_SEARCH_PATHS = "$(inherited) @executable_path/Frameworks @loader_path/Frameworks";
				PRODUCT_BUNDLE_IDENTIFIER = "com.example.SocialCloud-PhotosTests";
				PRODUCT_NAME = "$(TARGET_NAME)";
				SWIFT_VERSION = 3.0;
				TEST_HOST = "$(BUILT_PRODUCTS_DIR)/SocialCloud Photos.app/SocialCloud Photos";
			};
			name = Debug;
		};
		242C536A1EDF89EB00C960D8 /* Release */ = {
			isa = XCBuildConfiguration;
			baseConfigurationReference = 770C44D58554C534901C6BEF /* Pods-SocialCloud PhotosTests.release.xcconfig */;
			buildSettings = {
				ALWAYS_EMBED_SWIFT_STANDARD_LIBRARIES = YES;
				BUNDLE_LOADER = "$(TEST_HOST)";
				INFOPLIST_FILE = "SocialCloud PhotosTests/Info.plist";
				LD_RUNPATH_SEARCH_PATHS = "$(inherited) @executable_path/Frameworks @loader_path/Frameworks";
				PRODUCT_BUNDLE_IDENTIFIER = "com.example.SocialCloud-PhotosTests";
				PRODUCT_NAME = "$(TARGET_NAME)";
				SWIFT_VERSION = 3.0;
				TEST_HOST = "$(BUILT_PRODUCTS_DIR)/SocialCloud Photos.app/SocialCloud Photos";
			};
			name = Release;
		};
/* End XCBuildConfiguration section */

/* Begin XCConfigurationList section */
		242C53431EDF89EA00C960D8 /* Build configuration list for PBXProject "SocialCloud Photos" */ = {
			isa = XCConfigurationList;
			buildConfigurations = (
				242C53631EDF89EB00C960D8 /* Debug */,
				242C53641EDF89EB00C960D8 /* Release */,
			);
			defaultConfigurationIsVisible = 0;
			defaultConfigurationName = Release;
		};
		242C53651EDF89EB00C960D8 /* Build configuration list for PBXNativeTarget "SocialCloud Photos" */ = {
			isa = XCConfigurationList;
			buildConfigurations = (
				242C53661EDF89EB00C960D8 /* Debug */,
				242C53671EDF89EB00C960D8 /* Release */,
			);
			defaultConfigurationIsVisible = 0;
			defaultConfigurationName = Release;
		};
		242C53681EDF89EB00C960D8 /* Build configuration list for PBXNativeTarget "SocialCloud PhotosTests" */ = {
			isa = XCConfigurationList;
			buildConfigurations = (
				242C53691EDF89EB00C960D8 /* Debug */,
				242C536A1EDF89EB00C960D8 /* Release */,
			);
			defaultConfigurationIsVisible = 0;
			defaultConfigurationName = Release;
		};
/* End XCConfigurationList section */
	};
	rootObject = 242C53401EDF89EA00C960D8 /* Project object */;
}
